
Microsoft Visual Studio Solution File, Format Version 12.00
# Visual Studio Version 16
VisualStudioVersion = 16.0.31624.102
MinimumVisualStudioVersion = 10.0.40219.1
Project("{FAE04EC0-301F-11D3-BF4B-00C04F79EFBC}") = "Autoserv", "Autoserv\Autoserv.csproj", "{E9F83936-DCCE-4793-8444-21E09305DCCD}"
EndProject
Global
	GlobalSection(SolutionConfigurationPlatforms) = preSolution
		Debug|Any CPU = Debug|Any CPU
		Release|Any CPU = Release|Any CPU
	EndGlobalSection
	GlobalSection(ProjectConfigurationPlatforms) = postSolution
		{E9F83936-DCCE-4793-8444-21E09305DCCD}.Debug|Any CPU.ActiveCfg = Debug|Any CPU
		{E9F83936-DCCE-4793-8444-21E09305DCCD}.Debug|Any CPU.Build.0 = Debug|Any CPU
		{E9F83936-DCCE-4793-8444-21E09305DCCD}.Release|Any CPU.ActiveCfg = Release|Any CPU
		{E9F83936-DCCE-4793-8444-21E09305DCCD}.Release|Any CPU.Build.0 = Release|Any CPU
	EndGlobalSection
	GlobalSection(SolutionProperties) = preSolution
		HideSolutionNode = FALSE
	EndGlobalSection
	GlobalSection(ExtensibilityGlobals) = postSolution
		SolutionGuid = {E349B404-0519-41B5-84BD-F2053F637B40}
	EndGlobalSection
EndGlobal
